{
  "originHash" : "58e7de931bb7389af9d41cb9c410ea6a06fab5dd637e50508c8404271b37950b",
  "pins" : [
    {
      "identity" : "grdb.swift",
      "kind" : "remoteSourceControl",
      "location" : "https://github.com/groue/GRDB.swift.git",
      "state" : {
        "revision" : "a5a1be26b4513dc7ec360eb56bc08a345bac6649",
        "version" : "7.5.0"
      }
    }
  ],
  "version" : 3
}
